
Microsoft Visual Studio Solution File, Format Version 12.00
# Visual Studio Version 17
VisualStudioVersion = 17.5.33530.505
MinimumVisualStudioVersion = 10.0.40219.1
Project("{8BC9CEB8-8B4A-11D0-8D11-00A0C91BC942}") = "Practice", "Practice\Practice.vcxproj", "{CAF09FA3-2283-4B86-B79C-782A10550684}"
EndProject
Project("{8BC9CEB8-8B4A-11D0-8D11-00A0C91BC942}") = "CalculatorDll", "CalculatorDll\CalculatorDll.vcxproj", "{BC992FFF-0DB9-413A-825A-FF0973109654}"
EndProject
Project("{8BC9CEB8-8B4A-11D0-8D11-00A0C91BC942}") = "CalculatorLib", "CalculatorLib\CalculatorLib.vcxproj", "{3215EF3E-612B-4EC0-8C04-28E7E0EF4B04}"
EndProject
Global
	GlobalSection(SolutionConfigurationPlatforms) = preSolution
		Debug|x64 = Debug|x64
		Debug|x86 = Debug|x86
		Release|x64 = Release|x64
		Release|x86 = Release|x86
	EndGlobalSection
	GlobalSection(ProjectConfigurationPlatforms) = postSolution
		{CAF09FA3-2283-4B86-B79C-782A10550684}.Debug|x64.ActiveCfg = Debug|x64
		{CAF09FA3-2283-4B86-B79C-782A10550684}.Debug|x64.Build.0 = Debug|x64
		{CAF09FA3-2283-4B86-B79C-782A10550684}.Debug|x86.ActiveCfg = Debug|Win32
		{CAF09FA3-2283-4B86-B79C-782A10550684}.Debug|x86.Build.0 = Debug|Win32
		{CAF09FA3-2283-4B86-B79C-782A10550684}.Release|x64.ActiveCfg = Release|x64
		{CAF09FA3-2283-4B86-B79C-782A10550684}.Release|x64.Build.0 = Release|x64
		{CAF09FA3-2283-4B86-B79C-782A10550684}.Release|x86.ActiveCfg = Release|Win32
		{CAF09FA3-2283-4B86-B79C-782A10550684}.Release|x86.Build.0 = Release|Win32
		{BC992FFF-0DB9-413A-825A-FF0973109654}.Debug|x64.ActiveCfg = Debug|x64
		{BC992FFF-0DB9-413A-825A-FF0973109654}.Debug|x64.Build.0 = Debug|x64
		{BC992FFF-0DB9-413A-825A-FF0973109654}.Debug|x86.ActiveCfg = Debug|Win32
		{BC992FFF-0DB9-413A-825A-FF0973109654}.Debug|x86.Build.0 = Debug|Win32
		{BC992FFF-0DB9-413A-825A-FF0973109654}.Release|x64.ActiveCfg = Release|x64
		{BC992FFF-0DB9-413A-825A-FF0973109654}.Release|x64.Build.0 = Release|x64
		{BC992FFF-0DB9-413A-825A-FF0973109654}.Release|x86.ActiveCfg = Release|Win32
		{BC992FFF-0DB9-413A-825A-FF0973109654}.Release|x86.Build.0 = Release|Win32
		{3215EF3E-612B-4EC0-8C04-28E7E0EF4B04}.Debug|x64.ActiveCfg = Debug|x64
		{3215EF3E-612B-4EC0-8C04-28E7E0EF4B04}.Debug|x64.Build.0 = Debug|x64
		{3215EF3E-612B-4EC0-8C04-28E7E0EF4B04}.Debug|x86.ActiveCfg = Debug|Win32
		{3215EF3E-612B-4EC0-8C04-28E7E0EF4B04}.Debug|x86.Build.0 = Debug|Win32
		{3215EF3E-612B-4EC0-8C04-28E7E0EF4B04}.Release|x64.ActiveCfg = Release|x64
		{3215EF3E-612B-4EC0-8C04-28E7E0EF4B04}.Release|x64.Build.0 = Release|x64
		{3215EF3E-612B-4EC0-8C04-28E7E0EF4B04}.Release|x86.ActiveCfg = Release|Win32
		{3215EF3E-612B-4EC0-8C04-28E7E0EF4B04}.Release|x86.Build.0 = Release|Win32
	EndGlobalSection
	GlobalSection(SolutionProperties) = preSolution
		HideSolutionNode = FALSE
	EndGlobalSection
	GlobalSection(ExtensibilityGlobals) = postSolution
		SolutionGuid = {5E9AB9F1-1687-4E69-AEFE-EC962667993E}
	EndGlobalSection
EndGlobal
